// !$*UTF8*$!
{
	archiveVersion = 1;
	classes = {
	};
	objectVersion = 46;
	objects = {

/* Begin PBXBuildFile section */
		A1B91AB615E986BA0031D379 /* UIKit.framework in Frameworks */ = {isa = PBXBuildFile; fileRef = A1B91AB515E986BA0031D379 /* UIKit.framework */; };
		A1B91AB815E986BA0031D379 /* Foundation.framework in Frameworks */ = {isa = PBXBuildFile; fileRef = A1B91AB715E986BA0031D379 /* Foundation.framework */; };
		A1B91ABA15E986BA0031D379 /* CoreGraphics.framework in Frameworks */ = {isa = PBXBuildFile; fileRef = A1B91AB915E986BA0031D379 /* CoreGraphics.framework */; };
		A1B91AC015E986BA0031D379 /* InfoPlist.strings in Resources */ = {isa = PBXBuildFile; fileRef = A1B91ABE15E986BA0031D379 /* InfoPlist.strings */; };
		A1B91AC215E986BA0031D379 /* main.m in Sources */ = {isa = PBXBuildFile; fileRef = A1B91AC115E986BA0031D379 /* main.m */; };
		A1B91AC615E986BA0031D379 /* emattsanAppDelegate.m in Sources */ = {isa = PBXBuildFile; fileRef = A1B91AC515E986BA0031D379 /* emattsanAppDelegate.m */; };
		A1B91AC915E986BA0031D379 /* MainStoryboard.storyboard in Resources */ = {isa = PBXBuildFile; fileRef = A1B91AC715E986BA0031D379 /* MainStoryboard.storyboard */; };
		A1B91ACC15E986BA0031D379 /* emattsanViewController.m in Sources */ = {isa = PBXBuildFile; fileRef = A1B91ACB15E986BA0031D379 /* emattsanViewController.m */; };
		A1B91B0315E989000031D379 /* emattsanTableViewController.m in Sources */ = {isa = PBXBuildFile; fileRef = A1B91B0215E989000031D379 /* emattsanTableViewController.m */; };
		A1B91B0615E989190031D379 /* emattsanDetailViewController.m in Sources */ = {isa = PBXBuildFile; fileRef = A1B91B0515E989190031D379 /* emattsanDetailViewController.m */; };
		A1F3CC7E15EE3F3F001160F4 /* emattsanSummaryViewController.m in Sources */ = {isa = PBXBuildFile; fileRef = A1F3CC7D15EE3F3F001160F4 /* emattsanSummaryViewController.m */; };
/* End PBXBuildFile section */

/* Begin PBXFileReference section */
		A1B91AB115E986BA0031D379 /* iOSsampleApp1.app */ = {isa = PBXFileReference; explicitFileType = wrapper.application; includeInIndex = 0; path = iOSsampleApp1.app; sourceTree = BUILT_PRODUCTS_DIR; };
		A1B91AB515E986BA0031D379 /* UIKit.framework */ = {isa = PBXFileReference; lastKnownFileType = wrapper.framework; name = UIKit.framework; path = System/Library/Frameworks/UIKit.framework; sourceTree = SDKROOT; };
		A1B91AB715E986BA0031D379 /* Foundation.framework */ = {isa = PBXFileReference; lastKnownFileType = wrapper.framework; name = Foundation.framework; path = System/Library/Frameworks/Foundation.framework; sourceTree = SDKROOT; };
		A1B91AB915E986BA0031D379 /* CoreGraphics.framework */ = {isa = PBXFileReference; lastKnownFileType = wrapper.framework; name = CoreGraphics.framework; path = System/Library/Frameworks/CoreGraphics.framework; sourceTree = SDKROOT; };
		A1B91ABD15E986BA0031D379 /* iOSsampleApp1-Info.plist */ = {isa = PBXFileReference; lastKnownFileType = text.plist.xml; path = "iOSsampleApp1-Info.plist"; sourceTree = "<group>"; };
		A1B91ABF15E986BA0031D379 /* en */ = {isa = PBXFileReference; lastKnownFileType = text.plist.strings; name = en; path = en.lproj/InfoPlist.strings; sourceTree = "<group>"; };
		A1B91AC115E986BA0031D379 /* main.m */ = {isa = PBXFileReference; lastKnownFileType = sourcecode.c.objc; path = main.m; sourceTree = "<group>"; };
		A1B91AC315E986BA0031D379 /* iOSsampleApp1-Prefix.pch */ = {isa = PBXFileReference; lastKnownFileType = sourcecode.c.h; path = "iOSsampleApp1-Prefix.pch"; sourceTree = "<group>"; };
		A1B91AC415E986BA0031D379 /* emattsanAppDelegate.h */ = {isa = PBXFileReference; lastKnownFileType = sourcecode.c.h; path = emattsanAppDelegate.h; sourceTree = "<group>"; };
		A1B91AC515E986BA0031D379 /* emattsanAppDelegate.m */ = {isa = PBXFileReference; lastKnownFileType = sourcecode.c.objc; path = emattsanAppDelegate.m; sourceTree = "<group>"; };
		A1B91AC815E986BA0031D379 /* en */ = {isa = PBXFileReference; lastKnownFileType = file.storyboard; name = en; path = en.lproj/MainStoryboard.storyboard; sourceTree = "<group>"; };
		A1B91ACA15E986BA0031D379 /* emattsanViewController.h */ = {isa = PBXFileReference; lastKnownFileType = sourcecode.c.h; path = emattsanViewController.h; sourceTree = "<group>"; };
		A1B91ACB15E986BA0031D379 /* emattsanViewController.m */ = {isa = PBXFileReference; lastKnownFileType = sourcecode.c.objc; path = emattsanViewController.m; sourceTree = "<group>"; };
		A1B91B0115E989000031D379 /* emattsanTableViewController.h */ = {isa = PBXFileReference; fileEncoding = 4; lastKnownFileType = sourcecode.c.h; path = emattsanTableViewController.h; sourceTree = "<group>"; };
		A1B91B0215E989000031D379 /* emattsanTableViewController.m */ = {isa = PBXFileReference; fileEncoding = 4; lastKnownFileType = sourcecode.c.objc; path = emattsanTableViewController.m; sourceTree = "<group>"; };
		A1B91B0415E989180031D379 /* emattsanDetailViewController.h */ = {isa = PBXFileReference; fileEncoding = 4; lastKnownFileType = sourcecode.c.h; path = emattsanDetailViewController.h; sourceTree = "<group>"; };
		A1B91B0515E989190031D379 /* emattsanDetailViewController.m */ = {isa = PBXFileReference; fileEncoding = 4; lastKnownFileType = sourcecode.c.objc; path = emattsanDetailViewController.m; sourceTree = "<group>"; };
		A1F3CC7C15EE3F3F001160F4 /* emattsanSummaryViewController.h */ = {isa = PBXFileReference; fileEncoding = 4; lastKnownFileType = sourcecode.c.h; path = emattsanSummaryViewController.h; sourceTree = "<group>"; };
		A1F3CC7D15EE3F3F001160F4 /* emattsanSummaryViewController.m */ = {isa = PBXFileReference; fileEncoding = 4; lastKnownFileType = sourcecode.c.objc; path = emattsanSummaryViewController.m; sourceTree = "<group>"; };
/* End PBXFileReference section */

/* Begin PBXFrameworksBuildPhase section */
		A1B91AAE15E986BA0031D379 /* Frameworks */ = {
			isa = PBXFrameworksBuildPhase;
			buildActionMask = 2147483647;
			files = (
				A1B91AB615E986BA0031D379 /* UIKit.framework in Frameworks */,
				A1B91AB815E986BA0031D379 /* Foundation.framework in Frameworks */,
				A1B91ABA15E986BA0031D379 /* CoreGraphics.framework in Frameworks */,
			);
			runOnlyForDeploymentPostprocessing = 0;
		};
/* End PBXFrameworksBuildPhase section */

/* Begin PBXGroup section */
		A1B91AA615E986B90031D379 = {
			isa = PBXGroup;
			children = (
				A1B91ABB15E986BA0031D379 /* iOSsampleApp1 */,
				A1B91AB415E986BA0031D379 /* Frameworks */,
				A1B91AB215E986BA0031D379 /* Products */,
			);
			sourceTree = "<group>";
		};
		A1B91AB215E986BA0031D379 /* Products */ = {
			isa = PBXGroup;
			children = (
				A1B91AB115E986BA0031D379 /* iOSsampleApp1.app */,
			);
			name = Products;
			sourceTree = "<group>";
		};
		A1B91AB415E986BA0031D379 /* Frameworks */ = {
			isa = PBXGroup;
			children = (
				A1B91AB515E986BA0031D379 /* UIKit.framework */,
				A1B91AB715E986BA0031D379 /* Foundation.framework */,
				A1B91AB915E986BA0031D379 /* CoreGraphics.framework */,
			);
			name = Frameworks;
			sourceTree = "<group>";
		};
		A1B91ABB15E986BA0031D379 /* iOSsampleApp1 */ = {
			isa = PBXGroup;
			children = (
				A1B91AC415E986BA0031D379 /* emattsanAppDelegate.h */,
				A1B91AC515E986BA0031D379 /* emattsanAppDelegate.m */,
				A1B91AC715E986BA0031D379 /* MainStoryboard.storyboard */,
				A1B91ACA15E986BA0031D379 /* emattsanViewController.h */,
				A1B91ACB15E986BA0031D379 /* emattsanViewController.m */,
				A1B91ABC15E986BA0031D379 /* Supporting Files */,
				A1B91B0115E989000031D379 /* emattsanTableViewController.h */,
				A1B91B0215E989000031D379 /* emattsanTableViewController.m */,
				A1F3CC7C15EE3F3F001160F4 /* emattsanSummaryViewController.h */,
				A1F3CC7D15EE3F3F001160F4 /* emattsanSummaryViewController.m */,
				A1B91B0415E989180031D379 /* emattsanDetailViewController.h */,
				A1B91B0515E989190031D379 /* emattsanDetailViewController.m */,
			);
			path = iOSsampleApp1;
			sourceTree = "<group>";
		};
		A1B91ABC15E986BA0031D379 /* Supporting Files */ = {
			isa = PBXGroup;
			children = (
				A1B91ABD15E986BA0031D379 /* iOSsampleApp1-Info.plist */,
				A1B91ABE15E986BA0031D379 /* InfoPlist.strings */,
				A1B91AC115E986BA0031D379 /* main.m */,
				A1B91AC315E986BA0031D379 /* iOSsampleApp1-Prefix.pch */,
			);
			name = "Supporting Files";
			sourceTree = "<group>";
		};
/* End PBXGroup section */

/* Begin PBXNativeTarget section */
		A1B91AB015E986BA0031D379 /* iOSsampleApp1 */ = {
			isa = PBXNativeTarget;
			buildConfigurationList = A1B91ACF15E986BA0031D379 /* Build configuration list for PBXNativeTarget "iOSsampleApp1" */;
			buildPhases = (
				A1B91AAD15E986BA0031D379 /* Sources */,
				A1B91AAE15E986BA0031D379 /* Frameworks */,
				A1B91AAF15E986BA0031D379 /* Resources */,
			);
			buildRules = (
			);
			dependencies = (
			);
			name = iOSsampleApp1;
			productName = iOSsampleApp1;
			productReference = A1B91AB115E986BA0031D379 /* iOSsampleApp1.app */;
			productType = "com.apple.product-type.application";
		};
/* End PBXNativeTarget section */

/* Begin PBXProject section */
		A1B91AA815E986BA0031D379 /* Project object */ = {
			isa = PBXProject;
			attributes = {
				CLASSPREFIX = emattsan;
				LastUpgradeCheck = 0440;
				ORGANIZATIONNAME = "松本 栄二";
			};
			buildConfigurationList = A1B91AAB15E986BA0031D379 /* Build configuration list for PBXProject "iOSsampleApp1" */;
			compatibilityVersion = "Xcode 3.2";
			developmentRegion = English;
			hasScannedForEncodings = 0;
			knownRegions = (
				en,
			);
			mainGroup = A1B91AA615E986B90031D379;
			productRefGroup = A1B91AB215E986BA0031D379 /* Products */;
			projectDirPath = "";
			projectRoot = "";
			targets = (
				A1B91AB015E986BA0031D379 /* iOSsampleApp1 */,
			);
		};
/* End PBXProject section */

/* Begin PBXResourcesBuildPhase section */
		A1B91AAF15E986BA0031D379 /* Resources */ = {
			isa = PBXResourcesBuildPhase;
			buildActionMask = 2147483647;
			files = (
				A1B91AC015E986BA0031D379 /* InfoPlist.strings in Resources */,
				A1B91AC915E986BA0031D379 /* MainStoryboard.storyboard in Resources */,
			);
			runOnlyForDeploymentPostprocessing = 0;
		};
/* End PBXResourcesBuildPhase section */

/* Begin PBXSourcesBuildPhase section */
		A1B91AAD15E986BA0031D379 /* Sources */ = {
			isa = PBXSourcesBuildPhase;
			buildActionMask = 2147483647;
			files = (
				A1B91AC215E986BA0031D379 /* main.m in Sources */,
				A1B91AC615E986BA0031D379 /* emattsanAppDelegate.m in Sources */,
				A1B91ACC15E986BA0031D379 /* emattsanViewController.m in Sources */,
				A1B91B0315E989000031D379 /* emattsanTableViewController.m in Sources */,
				A1B91B0615E989190031D379 /* emattsanDetailViewController.m in Sources */,
				A1F3CC7E15EE3F3F001160F4 /* emattsanSummaryViewController.m in Sources */,
			);
			runOnlyForDeploymentPostprocessing = 0;
		};
/* End PBXSourcesBuildPhase section */

/* Begin PBXVariantGroup section */
		A1B91ABE15E986BA0031D379 /* InfoPlist.strings */ = {
			isa = PBXVariantGroup;
			children = (
				A1B91ABF15E986BA0031D379 /* en */,
			);
			name = InfoPlist.strings;
			sourceTree = "<group>";
		};
		A1B91AC715E986BA0031D379 /* MainStoryboard.storyboard */ = {
			isa = PBXVariantGroup;
			children = (
				A1B91AC815E986BA0031D379 /* en */,
			);
			name = MainStoryboard.storyboard;
			sourceTree = "<group>";
		};
/* End PBXVariantGroup section */

/* Begin XCBuildConfiguration section */
		A1B91ACD15E986BA0031D379 /* Debug */ = {
			isa = XCBuildConfiguration;
			buildSettings = {
				ALWAYS_SEARCH_USER_PATHS = NO;
				ARCHS = "$(ARCHS_STANDARD_32_BIT)";
				CLANG_CXX_LANGUAGE_STANDARD = "gnu++0x";
				CLANG_ENABLE_OBJC_ARC = YES;
				CLANG_WARN__DUPLICATE_METHOD_MATCH = YES;
				"CODE_SIGN_IDENTITY[sdk=iphoneos*]" = "iPhone Developer";
				COPY_PHASE_STRIP = NO;
				GCC_C_LANGUAGE_STANDARD = gnu99;
				GCC_DYNAMIC_NO_PIC = NO;
				GCC_OPTIMIZATION_LEVEL = 0;
				GCC_PREPROCESSOR_DEFINITIONS = (
					"DEBUG=1",
					"$(inherited)",
				);
				GCC_SYMBOLS_PRIVATE_EXTERN = NO;
				GCC_VERSION = com.apple.compilers.llvm.clang.1_0;
				GCC_WARN_ABOUT_RETURN_TYPE = YES;
				GCC_WARN_UNINITIALIZED_AUTOS = YES;
				GCC_WARN_UNUSED_VARIABLE = YES;
				IPHONEOS_DEPLOYMENT_TARGET = 5.1;
				SDKROOT = iphoneos;
			};
			name = Debug;
		};
		A1B91ACE15E986BA0031D379 /* Release */ = {
			isa = XCBuildConfiguration;
			buildSettings = {
				ALWAYS_SEARCH_USER_PATHS = NO;
				ARCHS = "$(ARCHS_STANDARD_32_BIT)";
				CLANG_CXX_LANGUAGE_STANDARD = "gnu++0x";
				CLANG_ENABLE_OBJC_ARC = YES;
				CLANG_WARN__DUPLICATE_METHOD_MATCH = YES;
				"CODE_SIGN_IDENTITY[sdk=iphoneos*]" = "iPhone Developer";
				COPY_PHASE_STRIP = YES;
				GCC_C_LANGUAGE_STANDARD = gnu99;
				GCC_VERSION = com.apple.compilers.llvm.clang.1_0;
				GCC_WARN_ABOUT_RETURN_TYPE = YES;
				GCC_WARN_UNINITIALIZED_AUTOS = YES;
				GCC_WARN_UNUSED_VARIABLE = YES;
				IPHONEOS_DEPLOYMENT_TARGET = 5.1;
				OTHER_CFLAGS = "-DNS_BLOCK_ASSERTIONS=1";
				SDKROOT = iphoneos;
				VALIDATE_PRODUCT = YES;
			};
			name = Release;
		};
		A1B91AD015E986BA0031D379 /* Debug */ = {
			isa = XCBuildConfiguration;
			buildSettings = {
				GCC_PRECOMPILE_PREFIX_HEADER = YES;
				GCC_PREFIX_HEADER = "iOSsampleApp1/iOSsampleApp1-Prefix.pch";
				INFOPLIST_FILE = "iOSsampleApp1/iOSsampleApp1-Info.plist";
				PRODUCT_NAME = "$(TARGET_NAME)";
				WRAPPER_EXTENSION = app;
			};
			name = Debug;
		};
		A1B91AD115E986BA0031D379 /* Release */ = {
			isa = XCBuildConfiguration;
			buildSettings = {
				GCC_PRECOMPILE_PREFIX_HEADER = YES;
				GCC_PREFIX_HEADER = "iOSsampleApp1/iOSsampleApp1-Prefix.pch";
				INFOPLIST_FILE = "iOSsampleApp1/iOSsampleApp1-Info.plist";
				PRODUCT_NAME = "$(TARGET_NAME)";
				WRAPPER_EXTENSION = app;
			};
			name = Release;
		};
/* End XCBuildConfiguration section */

/* Begin XCConfigurationList section */
		A1B91AAB15E986BA0031D379 /* Build configuration list for PBXProject "iOSsampleApp1" */ = {
			isa = XCConfigurationList;
			buildConfigurations = (
				A1B91ACD15E986BA0031D379 /* Debug */,
				A1B91ACE15E986BA0031D379 /* Release */,
			);
			defaultConfigurationIsVisible = 0;
			defaultConfigurationName = Release;
		};
		A1B91ACF15E986BA0031D379 /* Build configuration list for PBXNativeTarget "iOSsampleApp1" */ = {
			isa = XCConfigurationList;
			buildConfigurations = (
				A1B91AD015E986BA0031D379 /* Debug */,
				A1B91AD115E986BA0031D379 /* Release */,
			);
			defaultConfigurationIsVisible = 0;
			defaultConfigurationName = Release;
		};
/* End XCConfigurationList section */
	};
	rootObject = A1B91AA815E986BA0031D379 /* Project object */;
}
